{
    "_readme": [
        "This file locks the dependencies of your project to a known state",
        "Read more about it at https://getcomposer.org/doc/01-basic-usage.md#installing-dependencies",
        "This file is @generated automatically"
    ],
    "content-hash": "f2e528a550aa0e8926b330dcdcfc67dc",
    "packages": [
        {
            "name": "apimatic/core",
            "version": "0.3.11",
            "source": {
                "type": "git",
                "url": "https://github.com/apimatic/core-lib-php.git",
                "reference": "2274f103f9f210664f546f504e4559d772a81fee"
            },
            "dist": {
                "type": "zip",
                "url": "https://api.github.com/repos/apimatic/core-lib-php/zipball/2274f103f9f210664f546f504e4559d772a81fee",
                "reference": "2274f103f9f210664f546f504e4559d772a81fee",
                "shasum": ""
            },
            "require": {
                "apimatic/core-interfaces": "~0.1.5",
                "apimatic/jsonmapper": "^3.1.1",
                "ext-curl": "*",
                "ext-dom": "*",
                "ext-json": "*",
                "ext-libxml": "*",
                "php": "^7.2 || ^8.0",
                "php-jsonpointer/php-jsonpointer": "^3.0.2",
                "psr/log": "^1.1.4 || ^2.0.0 || ^3.0.0"
            },
            "require-dev": {
                "phan/phan": "5.4.2",
                "phpunit/phpunit": "^7.5 || ^8.5 || ^9.5",
                "squizlabs/php_codesniffer": "^3.5"
            },
            "type": "library",
            "autoload": {
                "psr-4": {
                    "Core\\": "src/"
                }
            },
            "notification-url": "https://packagist.org/downloads/",
            "license": [
                "MIT"
            ],
            "description": "Core logic and the utilities for the Apimatic's PHP SDK",
            "homepage": "https://github.com/apimatic/core-lib-php",
            "keywords": [
                "apimatic",
                "core",
                "corelib",
                "php"
            ],
            "support": {
                "issues": "https://github.com/apimatic/core-lib-php/issues",
                "source": "https://github.com/apimatic/core-lib-php/tree/0.3.11"
            },
            "time": "2024-07-08T11:50:08+00:00"
        },
        {
            "name": "apimatic/core-interfaces",
            "version": "0.1.5",
            "source": {
                "type": "git",
                "url": "https://github.com/apimatic/core-interfaces-php.git",
                "reference": "b4f1bffc8be79584836f70af33c65e097eec155c"
            },
            "dist": {
                "type": "zip",
                "url": "https://api.github.com/repos/apimatic/core-interfaces-php/zipball/b4f1bffc8be79584836f70af33c65e097eec155c",
                "reference": "b4f1bffc8be79584836f70af33c65e097eec155c",
                "shasum": ""
            },
            "require": {
                "php": "^7.2 || ^8.0"
            },
            "type": "library",
            "autoload": {
                "psr-4": {
                    "CoreInterfaces\\": "src/"
                }
            },
            "notification-url": "https://packagist.org/downloads/",
            "license": [
                "MIT"
            ],
            "description": "Definition of the behavior of apimatic/core, apimatic/unirest-php and Apimatic's PHP SDK",
            "homepage": "https://github.com/apimatic/core-interfaces-php",
            "keywords": [
                "apimatic",
                "core",
                "corelib",
                "interface",
                "php",
                "unirest"
            ],
            "support": {
                "issues": "https://github.com/apimatic/core-interfaces-php/issues",
                "source": "https://github.com/apimatic/core-interfaces-php/tree/0.1.5"
            },
            "time": "2024-05-09T06:32:07+00:00"
        },
        {
            "name": "apimatic/jsonmapper",
            "version": "3.1.4",
            "source": {
                "type": "git",
                "url": "https://github.com/apimatic/jsonmapper.git",
                "reference": "407b455d2adda2efa51a44b99400389fbee0394e"
            },
            "dist": {
                "type": "zip",
                "url": "https://api.github.com/repos/apimatic/jsonmapper/zipball/407b455d2adda2efa51a44b99400389fbee0394e",
                "reference": "407b455d2adda2efa51a44b99400389fbee0394e",
                "shasum": ""
            },
            "require": {
                "ext-json": "*",
                "php": "^5.6 || ^7.0 || ^8.0"
            },
            "require-dev": {
                "phpunit/phpunit": "^5.0.0 || ^6.0.0 || ^7.0.0 || ^8.0.0 || ^9.0.0",
                "squizlabs/php_codesniffer": "^3.0.0"
            },
            "type": "library",
            "autoload": {
                "psr-4": {
                    "apimatic\\jsonmapper\\": "src/"
                }
            },
            "notification-url": "https://packagist.org/downloads/",
            "license": [
                "OSL-3.0"
            ],
            "authors": [
                {
                    "name": "Christian Weiske",
                    "email": "christian.weiske@netresearch.de",
                    "homepage": "http://www.netresearch.de/",
                    "role": "Developer"
                },
                {
                    "name": "Mehdi Jaffery",
                    "email": "mehdi.jaffery@apimatic.io",
                    "homepage": "http://apimatic.io/",
                    "role": "Developer"
                }
            ],
            "description": "Map nested JSON structures onto PHP classes",
            "support": {
                "email": "mehdi.jaffery@apimatic.io",
                "issues": "https://github.com/apimatic/jsonmapper/issues",
                "source": "https://github.com/apimatic/jsonmapper/tree/3.1.4"
            },
            "time": "2024-06-11T11:48:30+00:00"
        },
        {
            "name": "apimatic/unirest-php",
            "version": "4.0.5",
            "source": {
                "type": "git",
                "url": "https://github.com/apimatic/unirest-php.git",
                "reference": "e16754010c16be5473289470f129d87a0f41b55e"
            },
            "dist": {
                "type": "zip",
                "url": "https://api.github.com/repos/apimatic/unirest-php/zipball/e16754010c16be5473289470f129d87a0f41b55e",
                "reference": "e16754010c16be5473289470f129d87a0f41b55e",
                "shasum": ""
            },
            "require": {
                "apimatic/core-interfaces": "^0.1.0",
                "ext-curl": "*",
                "ext-json": "*",
                "php": "^7.2 || ^8.0"
            },
            "require-dev": {
                "phan/phan": "5.4.2",
                "phpunit/phpunit": "^7.5 || ^8.5 || ^9.5",
                "squizlabs/php_codesniffer": "^3.5"
            },
            "type": "library",
            "autoload": {
                "psr-4": {
                    "Unirest\\": "src/"
                }
            },
            "notification-url": "https://packagist.org/downloads/",
            "license": [
                "MIT"
            ],
            "authors": [
                {
                    "name": "Mashape",
                    "email": "opensource@mashape.com",
                    "homepage": "https://www.mashape.com",
                    "role": "Developer"
                },
                {
                    "name": "APIMATIC",
                    "email": "opensource@apimatic.io",
                    "homepage": "https://www.apimatic.io",
                    "role": "Developer"
                }
            ],
            "description": "Unirest PHP",
            "homepage": "https://github.com/apimatic/unirest-php",
            "keywords": [
                "client",
                "curl",
                "http",
                "https",
                "rest"
            ],
            "support": {
                "email": "opensource@apimatic.io",
                "issues": "https://github.com/apimatic/unirest-php/issues",
                "source": "https://github.com/apimatic/unirest-php/tree/4.0.5"
            },
            "time": "2023-04-25T14:19:45+00:00"
        },
        {
            "name": "paypal/paypal-server-sdk",
            "version": "0.6.0",
            "source": {
                "type": "git",
                "url": "https://github.com/paypal/PayPal-PHP-Server-SDK.git",
                "reference": "7d69e118998fdf2ae2cf234f1bd49f4248782380"
            },
            "dist": {
                "type": "zip",
                "url": "https://api.github.com/repos/paypal/PayPal-PHP-Server-SDK/zipball/7d69e118998fdf2ae2cf234f1bd49f4248782380",
                "reference": "7d69e118998fdf2ae2cf234f1bd49f4248782380",
                "shasum": ""
            },
            "require": {
                "apimatic/core": "~0.3.11",
                "apimatic/core-interfaces": "~0.1.5",
                "apimatic/unirest-php": "^4.0.0",
                "ext-json": "*",
                "php": "^7.2 || ^8.0"
            },
            "require-dev": {
                "phan/phan": "5.4.2",
                "squizlabs/php_codesniffer": "^3.5"
            },
            "type": "library",
            "autoload": {
                "psr-4": {
                    "PaypalServerSdkLib\\": "src/"
                }
            },
            "notification-url": "https://packagist.org/downloads/",
            "license": [
                "MIT"
            ],
            "description": "PayPal's SDK for interacting with the REST APIs",
            "homepage": "https://github.com/paypal/PayPal-PHP-Server-SDK",
            "support": {
                "issues": "https://github.com/paypal/PayPal-PHP-Server-SDK/issues",
                "source": "https://github.com/paypal/PayPal-PHP-Server-SDK/tree/0.6.0"
            },
            "time": "2024-10-18T19:06:27+00:00"
        },
        {
            "name": "php-jsonpointer/php-jsonpointer",
            "version": "v3.0.2",
            "source": {
                "type": "git",
                "url": "https://github.com/raphaelstolt/php-jsonpointer.git",
                "reference": "4428f86c6f23846e9faa5a420c4ef14e485b3afb"
            },
            "dist": {
                "type": "zip",
                "url": "https://api.github.com/repos/raphaelstolt/php-jsonpointer/zipball/4428f86c6f23846e9faa5a420c4ef14e485b3afb",
                "reference": "4428f86c6f23846e9faa5a420c4ef14e485b3afb",
                "shasum": ""
            },
            "require": {
                "php": ">=5.4"
            },
            "require-dev": {
                "friendsofphp/php-cs-fixer": "^1.11",
                "phpunit/phpunit": "4.6.*"
            },
            "type": "library",
            "extra": {
                "branch-alias": {
                    "dev-master": "2.0.x-dev"
                }
            },
            "autoload": {
                "psr-0": {
                    "Rs\\Json": "src/"
                }
            },
            "notification-url": "https://packagist.org/downloads/",
            "license": [
                "MIT"
            ],
            "authors": [
                {
                    "name": "Raphael Stolt",
                    "email": "raphael.stolt@gmail.com",
                    "homepage": "http://raphaelstolt.blogspot.com/"
                }
            ],
            "description": "Implementation of JSON Pointer (http://tools.ietf.org/html/rfc6901)",
            "homepage": "https://github.com/raphaelstolt/php-jsonpointer",
            "keywords": [
                "json",
                "json pointer",
                "json traversal"
            ],
            "support": {
                "issues": "https://github.com/raphaelstolt/php-jsonpointer/issues",
                "source": "https://github.com/raphaelstolt/php-jsonpointer/tree/master"
            },
            "time": "2016-08-29T08:51:01+00:00"
        },
        {
            "name": "psr/log",
            "version": "3.0.2",
            "source": {
                "type": "git",
                "url": "https://github.com/php-fig/log.git",
                "reference": "f16e1d5863e37f8d8c2a01719f5b34baa2b714d3"
            },
            "dist": {
                "type": "zip",
                "url": "https://api.github.com/repos/php-fig/log/zipball/f16e1d5863e37f8d8c2a01719f5b34baa2b714d3",
                "reference": "f16e1d5863e37f8d8c2a01719f5b34baa2b714d3",
                "shasum": ""
            },
            "require": {
                "php": ">=8.0.0"
            },
            "type": "library",
            "extra": {
                "branch-alias": {
                    "dev-master": "3.x-dev"
                }
            },
            "autoload": {
                "psr-4": {
                    "Psr\\Log\\": "src"
                }
            },
            "notification-url": "https://packagist.org/downloads/",
            "license": [
                "MIT"
            ],
            "authors": [
                {
                    "name": "PHP-FIG",
                    "homepage": "https://www.php-fig.org/"
                }
            ],
            "description": "Common interface for logging libraries",
            "homepage": "https://github.com/php-fig/log",
            "keywords": [
                "log",
                "psr",
                "psr-3"
            ],
            "support": {
                "source": "https://github.com/php-fig/log/tree/3.0.2"
            },
            "time": "2024-09-11T13:17:53+00:00"
        }
    ],
    "packages-dev": [],
    "aliases": [],
    "minimum-stability": "stable",
    "stability-flags": [],
    "prefer-stable": false,
    "prefer-lowest": false,
    "platform": {
        "php": "^7.4 || ^8.0",
        "ext-json": "*"
    },
    "platform-dev": [],
    "plugin-api-version": "2.6.0"
}
